// !$*UTF8*$!
{
	archiveVersion = 1;
	classes = {
	};
	objectVersion = 50;
	objects = {

/* Begin PBXBuildFile section */
		3EE9025123EF32BC0071F709 /* AppDelegate.swift in Sources */ = {isa = PBXBuildFile; fileRef = 3EE9025023EF32BC0071F709 /* AppDelegate.swift */; };
		3EE9025323EF32BC0071F709 /* SceneDelegate.swift in Sources */ = {isa = PBXBuildFile; fileRef = 3EE9025223EF32BC0071F709 /* SceneDelegate.swift */; };
		3EE9025523EF32BC0071F709 /* ContentView.swift in Sources */ = {isa = PBXBuildFile; fileRef = 3EE9025423EF32BC0071F709 /* ContentView.swift */; };
		3EE9025723EF32BE0071F709 /* Assets.xcassets in Resources */ = {isa = PBXBuildFile; fileRef = 3EE9025623EF32BE0071F709 /* Assets.xcassets */; };
		3EE9025A23EF32BE0071F709 /* Preview Assets.xcassets in Resources */ = {isa = PBXBuildFile; fileRef = 3EE9025923EF32BE0071F709 /* Preview Assets.xcassets */; };
		3EE9025D23EF32BE0071F709 /* LaunchScreen.storyboard in Resources */ = {isa = PBXBuildFile; fileRef = 3EE9025B23EF32BE0071F709 /* LaunchScreen.storyboard */; };
/* End PBXBuildFile section */

/* Begin PBXFileReference section */
		3EE9024D23EF32BC0071F709 /* FavoriteMusic.app */ = {isa = PBXFileReference; explicitFileType = wrapper.application; includeInIndex = 0; path = FavoriteMusic.app; sourceTree = BUILT_PRODUCTS_DIR; };
		3EE9025023EF32BC0071F709 /* AppDelegate.swift */ = {isa = PBXFileReference; lastKnownFileType = sourcecode.swift; path = AppDelegate.swift; sourceTree = "<group>"; };
		3EE9025223EF32BC0071F709 /* SceneDelegate.swift */ = {isa = PBXFileReference; lastKnownFileType = sourcecode.swift; path = SceneDelegate.swift; sourceTree = "<group>"; };
		3EE9025423EF32BC0071F709 /* ContentView.swift */ = {isa = PBXFileReference; lastKnownFileType = sourcecode.swift; path = ContentView.swift; sourceTree = "<group>"; };
		3EE9025623EF32BE0071F709 /* Assets.xcassets */ = {isa = PBXFileReference; lastKnownFileType = folder.assetcatalog; path = Assets.xcassets; sourceTree = "<group>"; };
		3EE9025923EF32BE0071F709 /* Preview Assets.xcassets */ = {isa = PBXFileReference; lastKnownFileType = folder.assetcatalog; path = "Preview Assets.xcassets"; sourceTree = "<group>"; };
		3EE9025C23EF32BE0071F709 /* Base */ = {isa = PBXFileReference; lastKnownFileType = file.storyboard; name = Base; path = Base.lproj/LaunchScreen.storyboard; sourceTree = "<group>"; };
		3EE9025E23EF32BE0071F709 /* Info.plist */ = {isa = PBXFileReference; lastKnownFileType = text.plist.xml; path = Info.plist; sourceTree = "<group>"; };
/* End PBXFileReference section */

/* Begin PBXFrameworksBuildPhase section */
		3EE9024A23EF32BC0071F709 /* Frameworks */ = {
			isa = PBXFrameworksBuildPhase;
			buildActionMask = 2147483647;
			files = (
			);
			runOnlyForDeploymentPostprocessing = 0;
		};
/* End PBXFrameworksBuildPhase section */

/* Begin PBXGroup section */
		3EE9024423EF32BC0071F709 = {
			isa = PBXGroup;
			children = (
				3EE9024F23EF32BC0071F709 /* FavoriteMusic */,
				3EE9024E23EF32BC0071F709 /* Products */,
			);
			sourceTree = "<group>";
		};
		3EE9024E23EF32BC0071F709 /* Products */ = {
			isa = PBXGroup;
			children = (
				3EE9024D23EF32BC0071F709 /* FavoriteMusic.app */,
			);
			name = Products;
			sourceTree = "<group>";
		};
		3EE9024F23EF32BC0071F709 /* FavoriteMusic */ = {
			isa = PBXGroup;
			children = (
				3EE9025023EF32BC0071F709 /* AppDelegate.swift */,
				3EE9025223EF32BC0071F709 /* SceneDelegate.swift */,
				3EE9025423EF32BC0071F709 /* ContentView.swift */,
				3EE9025623EF32BE0071F709 /* Assets.xcassets */,
				3EE9025B23EF32BE0071F709 /* LaunchScreen.storyboard */,
				3EE9025E23EF32BE0071F709 /* Info.plist */,
				3EE9025823EF32BE0071F709 /* Preview Content */,
			);
			path = FavoriteMusic;
			sourceTree = "<group>";
		};
		3EE9025823EF32BE0071F709 /* Preview Content */ = {
			isa = PBXGroup;
			children = (
				3EE9025923EF32BE0071F709 /* Preview Assets.xcassets */,
			);
			path = "Preview Content";
			sourceTree = "<group>";
		};
/* End PBXGroup section */

/* Begin PBXNativeTarget section */
		3EE9024C23EF32BC0071F709 /* FavoriteMusic */ = {
			isa = PBXNativeTarget;
			buildConfigurationList = 3EE9026123EF32BE0071F709 /* Build configuration list for PBXNativeTarget "FavoriteMusic" */;
			buildPhases = (
				3EE9024923EF32BC0071F709 /* Sources */,
				3EE9024A23EF32BC0071F709 /* Frameworks */,
				3EE9024B23EF32BC0071F709 /* Resources */,
			);
			buildRules = (
			);
			dependencies = (
			);
			name = FavoriteMusic;
			productName = FavoriteMusic;
			productReference = 3EE9024D23EF32BC0071F709 /* FavoriteMusic.app */;
			productType = "com.apple.product-type.application";
		};
/* End PBXNativeTarget section */

/* Begin PBXProject section */
		3EE9024523EF32BC0071F709 /* Project object */ = {
			isa = PBXProject;
			attributes = {
				LastSwiftUpdateCheck = 1130;
				LastUpgradeCheck = 1130;
				ORGANIZATIONNAME = vmachiel;
				TargetAttributes = {
					3EE9024C23EF32BC0071F709 = {
						CreatedOnToolsVersion = 11.3.1;
					};
				};
			};
			buildConfigurationList = 3EE9024823EF32BC0071F709 /* Build configuration list for PBXProject "FavoriteMusic" */;
			compatibilityVersion = "Xcode 9.3";
			developmentRegion = en;
			hasScannedForEncodings = 0;
			knownRegions = (
				en,
				Base,
			);
			mainGroup = 3EE9024423EF32BC0071F709;
			productRefGroup = 3EE9024E23EF32BC0071F709 /* Products */;
			projectDirPath = "";
			projectRoot = "";
			targets = (
				3EE9024C23EF32BC0071F709 /* FavoriteMusic */,
			);
		};
/* End PBXProject section */

/* Begin PBXResourcesBuildPhase section */
		3EE9024B23EF32BC0071F709 /* Resources */ = {
			isa = PBXResourcesBuildPhase;
			buildActionMask = 2147483647;
			files = (
				3EE9025D23EF32BE0071F709 /* LaunchScreen.storyboard in Resources */,
				3EE9025A23EF32BE0071F709 /* Preview Assets.xcassets in Resources */,
				3EE9025723EF32BE0071F709 /* Assets.xcassets in Resources */,
			);
			runOnlyForDeploymentPostprocessing = 0;
		};
/* End PBXResourcesBuildPhase section */

/* Begin PBXSourcesBuildPhase section */
		3EE9024923EF32BC0071F709 /* Sources */ = {
			isa = PBXSourcesBuildPhase;
			buildActionMask = 2147483647;
			files = (
				3EE9025123EF32BC0071F709 /* AppDelegate.swift in Sources */,
				3EE9025323EF32BC0071F709 /* SceneDelegate.swift in Sources */,
				3EE9025523EF32BC0071F709 /* ContentView.swift in Sources */,
			);
			runOnlyForDeploymentPostprocessing = 0;
		};
/* End PBXSourcesBuildPhase section */

/* Begin PBXVariantGroup section */
		3EE9025B23EF32BE0071F709 /* LaunchScreen.storyboard */ = {
			isa = PBXVariantGroup;
			children = (
				3EE9025C23EF32BE0071F709 /* Base */,
			);
			name = LaunchScreen.storyboard;
			sourceTree = "<group>";
		};
/* End PBXVariantGroup section */

/* Begin XCBuildConfiguration section */
		3EE9025F23EF32BE0071F709 /* Debug */ = {
			isa = XCBuildConfiguration;
			buildSettings = {
				ALWAYS_SEARCH_USER_PATHS = NO;
				CLANG_ANALYZER_NONNULL = YES;
				CLANG_ANALYZER_NUMBER_OBJECT_CONVERSION = YES_AGGRESSIVE;
				CLANG_CXX_LANGUAGE_STANDARD = "gnu++14";
				CLANG_CXX_LIBRARY = "libc++";
				CLANG_ENABLE_MODULES = YES;
				CLANG_ENABLE_OBJC_ARC = YES;
				CLANG_ENABLE_OBJC_WEAK = YES;
				CLANG_WARN_BLOCK_CAPTURE_AUTORELEASING = YES;
				CLANG_WARN_BOOL_CONVERSION = YES;
				CLANG_WARN_COMMA = YES;
				CLANG_WARN_CONSTANT_CONVERSION = YES;
				CLANG_WARN_DEPRECATED_OBJC_IMPLEMENTATIONS = YES;
				CLANG_WARN_DIRECT_OBJC_ISA_USAGE = YES_ERROR;
				CLANG_WARN_DOCUMENTATION_COMMENTS = YES;
				CLANG_WARN_EMPTY_BODY = YES;
				CLANG_WARN_ENUM_CONVERSION = YES;
				CLANG_WARN_INFINITE_RECURSION = YES;
				CLANG_WARN_INT_CONVERSION = YES;
				CLANG_WARN_NON_LITERAL_NULL_CONVERSION = YES;
				CLANG_WARN_OBJC_IMPLICIT_RETAIN_SELF = YES;
				CLANG_WARN_OBJC_LITERAL_CONVERSION = YES;
				CLANG_WARN_OBJC_ROOT_CLASS = YES_ERROR;
				CLANG_WARN_RANGE_LOOP_ANALYSIS = YES;
				CLANG_WARN_STRICT_PROTOTYPES = YES;
				CLANG_WARN_SUSPICIOUS_MOVE = YES;
				CLANG_WARN_UNGUARDED_AVAILABILITY = YES_AGGRESSIVE;
				CLANG_WARN_UNREACHABLE_CODE = YES;
				CLANG_WARN__DUPLICATE_METHOD_MATCH = YES;
				COPY_PHASE_STRIP = NO;
				DEBUG_INFORMATION_FORMAT = dwarf;
				ENABLE_STRICT_OBJC_MSGSEND = YES;
				ENABLE_TESTABILITY = YES;
				GCC_C_LANGUAGE_STANDARD = gnu11;
				GCC_DYNAMIC_NO_PIC = NO;
				GCC_NO_COMMON_BLOCKS = YES;
				GCC_OPTIMIZATION_LEVEL = 0;
				GCC_PREPROCESSOR_DEFINITIONS = (
					"DEBUG=1",
					"$(inherited)",
				);
				GCC_WARN_64_TO_32_BIT_CONVERSION = YES;
				GCC_WARN_ABOUT_RETURN_TYPE = YES_ERROR;
				GCC_WARN_UNDECLARED_SELECTOR = YES;
				GCC_WARN_UNINITIALIZED_AUTOS = YES_AGGRESSIVE;
				GCC_WARN_UNUSED_FUNCTION = YES;
				GCC_WARN_UNUSED_VARIABLE = YES;
				IPHONEOS_DEPLOYMENT_TARGET = 13.2;
				MTL_ENABLE_DEBUG_INFO = INCLUDE_SOURCE;
				MTL_FAST_MATH = YES;
				ONLY_ACTIVE_ARCH = YES;
				SDKROOT = iphoneos;
				SWIFT_ACTIVE_COMPILATION_CONDITIONS = DEBUG;
				SWIFT_OPTIMIZATION_LEVEL = "-Onone";
			};
			name = Debug;
		};
		3EE9026023EF32BE0071F709 /* Release */ = {
			isa = XCBuildConfiguration;
			buildSettings = {
				ALWAYS_SEARCH_USER_PATHS = NO;
				CLANG_ANALYZER_NONNULL = YES;
				CLANG_ANALYZER_NUMBER_OBJECT_CONVERSION = YES_AGGRESSIVE;
				CLANG_CXX_LANGUAGE_STANDARD = "gnu++14";
				CLANG_CXX_LIBRARY = "libc++";
				CLANG_ENABLE_MODULES = YES;
				CLANG_ENABLE_OBJC_ARC = YES;
				CLANG_ENABLE_OBJC_WEAK = YES;
				CLANG_WARN_BLOCK_CAPTURE_AUTORELEASING = YES;
				CLANG_WARN_BOOL_CONVERSION = YES;
				CLANG_WARN_COMMA = YES;
				CLANG_WARN_CONSTANT_CONVERSION = YES;
				CLANG_WARN_DEPRECATED_OBJC_IMPLEMENTATIONS = YES;
				CLANG_WARN_DIRECT_OBJC_ISA_USAGE = YES_ERROR;
				CLANG_WARN_DOCUMENTATION_COMMENTS = YES;
				CLANG_WARN_EMPTY_BODY = YES;
				CLANG_WARN_ENUM_CONVERSION = YES;
				CLANG_WARN_INFINITE_RECURSION = YES;
				CLANG_WARN_INT_CONVERSION = YES;
				CLANG_WARN_NON_LITERAL_NULL_CONVERSION = YES;
				CLANG_WARN_OBJC_IMPLICIT_RETAIN_SELF = YES;
				CLANG_WARN_OBJC_LITERAL_CONVERSION = YES;
				CLANG_WARN_OBJC_ROOT_CLASS = YES_ERROR;
				CLANG_WARN_RANGE_LOOP_ANALYSIS = YES;
				CLANG_WARN_STRICT_PROTOTYPES = YES;
				CLANG_WARN_SUSPICIOUS_MOVE = YES;
				CLANG_WARN_UNGUARDED_AVAILABILITY = YES_AGGRESSIVE;
				CLANG_WARN_UNREACHABLE_CODE = YES;
				CLANG_WARN__DUPLICATE_METHOD_MATCH = YES;
				COPY_PHASE_STRIP = NO;
				DEBUG_INFORMATION_FORMAT = "dwarf-with-dsym";
				ENABLE_NS_ASSERTIONS = NO;
				ENABLE_STRICT_OBJC_MSGSEND = YES;
				GCC_C_LANGUAGE_STANDARD = gnu11;
				GCC_NO_COMMON_BLOCKS = YES;
				GCC_WARN_64_TO_32_BIT_CONVERSION = YES;
				GCC_WARN_ABOUT_RETURN_TYPE = YES_ERROR;
				GCC_WARN_UNDECLARED_SELECTOR = YES;
				GCC_WARN_UNINITIALIZED_AUTOS = YES_AGGRESSIVE;
				GCC_WARN_UNUSED_FUNCTION = YES;
				GCC_WARN_UNUSED_VARIABLE = YES;
				IPHONEOS_DEPLOYMENT_TARGET = 13.2;
				MTL_ENABLE_DEBUG_INFO = NO;
				MTL_FAST_MATH = YES;
				SDKROOT = iphoneos;
				SWIFT_COMPILATION_MODE = wholemodule;
				SWIFT_OPTIMIZATION_LEVEL = "-O";
				VALIDATE_PRODUCT = YES;
			};
			name = Release;
		};
		3EE9026223EF32BE0071F709 /* Debug */ = {
			isa = XCBuildConfiguration;
			buildSettings = {
				ASSETCATALOG_COMPILER_APPICON_NAME = AppIcon;
				CODE_SIGN_STYLE = Automatic;
				DEVELOPMENT_ASSET_PATHS = "\"FavoriteMusic/Preview Content\"";
				DEVELOPMENT_TEAM = Z9C6SZTXPM;
				ENABLE_PREVIEWS = YES;
				INFOPLIST_FILE = FavoriteMusic/Info.plist;
				LD_RUNPATH_SEARCH_PATHS = (
					"$(inherited)",
					"@executable_path/Frameworks",
				);
				PRODUCT_BUNDLE_IDENTIFIER = com.vmachiel.FavoriteMusic;
				PRODUCT_NAME = "$(TARGET_NAME)";
				SWIFT_VERSION = 5.0;
				TARGETED_DEVICE_FAMILY = "1,2";
			};
			name = Debug;
		};
		3EE9026323EF32BE0071F709 /* Release */ = {
			isa = XCBuildConfiguration;
			buildSettings = {
				ASSETCATALOG_COMPILER_APPICON_NAME = AppIcon;
				CODE_SIGN_STYLE = Automatic;
				DEVELOPMENT_ASSET_PATHS = "\"FavoriteMusic/Preview Content\"";
				DEVELOPMENT_TEAM = Z9C6SZTXPM;
				ENABLE_PREVIEWS = YES;
				INFOPLIST_FILE = FavoriteMusic/Info.plist;
				LD_RUNPATH_SEARCH_PATHS = (
					"$(inherited)",
					"@executable_path/Frameworks",
				);
				PRODUCT_BUNDLE_IDENTIFIER = com.vmachiel.FavoriteMusic;
				PRODUCT_NAME = "$(TARGET_NAME)";
				SWIFT_VERSION = 5.0;
				TARGETED_DEVICE_FAMILY = "1,2";
			};
			name = Release;
		};
/* End XCBuildConfiguration section */

/* Begin XCConfigurationList section */
		3EE9024823EF32BC0071F709 /* Build configuration list for PBXProject "FavoriteMusic" */ = {
			isa = XCConfigurationList;
			buildConfigurations = (
				3EE9025F23EF32BE0071F709 /* Debug */,
				3EE9026023EF32BE0071F709 /* Release */,
			);
			defaultConfigurationIsVisible = 0;
			defaultConfigurationName = Release;
		};
		3EE9026123EF32BE0071F709 /* Build configuration list for PBXNativeTarget "FavoriteMusic" */ = {
			isa = XCConfigurationList;
			buildConfigurations = (
				3EE9026223EF32BE0071F709 /* Debug */,
				3EE9026323EF32BE0071F709 /* Release */,
			);
			defaultConfigurationIsVisible = 0;
			defaultConfigurationName = Release;
		};
/* End XCConfigurationList section */
	};
	rootObject = 3EE9024523EF32BC0071F709 /* Project object */;
}
